// !$*UTF8*$!
{
	archiveVersion = 1;
	classes = {
	};
	objectVersion = 46;
	objects = {

/* Begin PBXBuildFile section */
		57F79A021DAF3236B80E9171 /* libPods-TwitterDataObservatory.a in Frameworks */ = {isa = PBXBuildFile; fileRef = 0B00D5FD4259A2DC9871BFAA /* libPods-TwitterDataObservatory.a */; };
		EF2B7F871C1EABA100C5FF50 /* MapKit.framework in Frameworks */ = {isa = PBXBuildFile; fileRef = EF2B7F861C1EABA100C5FF50 /* MapKit.framework */; };
		EF3616031C0917D000F3BB58 /* main.m in Sources */ = {isa = PBXBuildFile; fileRef = EF3616021C0917D000F3BB58 /* main.m */; };
		EF3616061C0917D100F3BB58 /* AppDelegate.m in Sources */ = {isa = PBXBuildFile; fileRef = EF3616051C0917D100F3BB58 /* AppDelegate.m */; };
		EF3616091C0917D100F3BB58 /* TwitterDataObservatory.xcdatamodeld in Sources */ = {isa = PBXBuildFile; fileRef = EF3616071C0917D100F3BB58 /* TwitterDataObservatory.xcdatamodeld */; };
		EF36160C1C0917D100F3BB58 /* ViewController.m in Sources */ = {isa = PBXBuildFile; fileRef = EF36160B1C0917D100F3BB58 /* ViewController.m */; };
		EF36160F1C0917D100F3BB58 /* Main.storyboard in Resources */ = {isa = PBXBuildFile; fileRef = EF36160D1C0917D100F3BB58 /* Main.storyboard */; };
		EF3616111C0917D100F3BB58 /* Images.xcassets in Resources */ = {isa = PBXBuildFile; fileRef = EF3616101C0917D100F3BB58 /* Images.xcassets */; };
		EF3616141C0917D100F3BB58 /* LaunchScreen.xib in Resources */ = {isa = PBXBuildFile; fileRef = EF3616121C0917D100F3BB58 /* LaunchScreen.xib */; };
		EF3616201C0917D100F3BB58 /* TwitterDataObservatoryTests.m in Sources */ = {isa = PBXBuildFile; fileRef = EF36161F1C0917D100F3BB58 /* TwitterDataObservatoryTests.m */; };
		EF667F1F1C1FE18200CB7AC7 /* Pin.m in Sources */ = {isa = PBXBuildFile; fileRef = EF667F1E1C1FE18200CB7AC7 /* Pin.m */; };
		EFD8E22F1C2140EF00E2C819 /* TweetAnnotation.m in Sources */ = {isa = PBXBuildFile; fileRef = EFD8E22E1C2140EF00E2C819 /* TweetAnnotation.m */; };
/* End PBXBuildFile section */

/* Begin PBXContainerItemProxy section */
		EF36161A1C0917D100F3BB58 /* PBXContainerItemProxy */ = {
			isa = PBXContainerItemProxy;
			containerPortal = EF3615F51C0917D000F3BB58 /* Project object */;
			proxyType = 1;
			remoteGlobalIDString = EF3615FC1C0917D000F3BB58;
			remoteInfo = TwitterDataObservatory;
		};
/* End PBXContainerItemProxy section */

/* Begin PBXFileReference section */
		0B00D5FD4259A2DC9871BFAA /* libPods-TwitterDataObservatory.a */ = {isa = PBXFileReference; explicitFileType = archive.ar; includeInIndex = 0; path = "libPods-TwitterDataObservatory.a"; sourceTree = BUILT_PRODUCTS_DIR; };
		278AB1ECA1B3659396D39960 /* Pods-TwitterDataObservatory.debug.xcconfig */ = {isa = PBXFileReference; includeInIndex = 1; lastKnownFileType = text.xcconfig; name = "Pods-TwitterDataObservatory.debug.xcconfig"; path = "Pods/Target Support Files/Pods-TwitterDataObservatory/Pods-TwitterDataObservatory.debug.xcconfig"; sourceTree = "<group>"; };
		B92A686CDF98C5C7288AF2E5 /* Pods-TwitterDataObservatory.release.xcconfig */ = {isa = PBXFileReference; includeInIndex = 1; lastKnownFileType = text.xcconfig; name = "Pods-TwitterDataObservatory.release.xcconfig"; path = "Pods/Target Support Files/Pods-TwitterDataObservatory/Pods-TwitterDataObservatory.release.xcconfig"; sourceTree = "<group>"; };
		EF2B7F861C1EABA100C5FF50 /* MapKit.framework */ = {isa = PBXFileReference; lastKnownFileType = wrapper.framework; name = MapKit.framework; path = System/Library/Frameworks/MapKit.framework; sourceTree = SDKROOT; };
		EF3615FD1C0917D000F3BB58 /* TwitterDataObservatory.app */ = {isa = PBXFileReference; explicitFileType = wrapper.application; includeInIndex = 0; path = TwitterDataObservatory.app; sourceTree = BUILT_PRODUCTS_DIR; };
		EF3616011C0917D000F3BB58 /* Info.plist */ = {isa = PBXFileReference; lastKnownFileType = text.plist.xml; path = Info.plist; sourceTree = "<group>"; };
		EF3616021C0917D000F3BB58 /* main.m */ = {isa = PBXFileReference; lastKnownFileType = sourcecode.c.objc; path = main.m; sourceTree = "<group>"; };
		EF3616041C0917D000F3BB58 /* AppDelegate.h */ = {isa = PBXFileReference; lastKnownFileType = sourcecode.c.h; path = AppDelegate.h; sourceTree = "<group>"; };
		EF3616051C0917D100F3BB58 /* AppDelegate.m */ = {isa = PBXFileReference; lastKnownFileType = sourcecode.c.objc; path = AppDelegate.m; sourceTree = "<group>"; };
		EF3616081C0917D100F3BB58 /* TwitterDataObservatory.xcdatamodel */ = {isa = PBXFileReference; lastKnownFileType = wrapper.xcdatamodel; path = TwitterDataObservatory.xcdatamodel; sourceTree = "<group>"; };
		EF36160A1C0917D100F3BB58 /* ViewController.h */ = {isa = PBXFileReference; lastKnownFileType = sourcecode.c.h; path = ViewController.h; sourceTree = "<group>"; };
		EF36160B1C0917D100F3BB58 /* ViewController.m */ = {isa = PBXFileReference; lastKnownFileType = sourcecode.c.objc; path = ViewController.m; sourceTree = "<group>"; };
		EF36160E1C0917D100F3BB58 /* Base */ = {isa = PBXFileReference; lastKnownFileType = file.storyboard; name = Base; path = Base.lproj/Main.storyboard; sourceTree = "<group>"; };
		EF3616101C0917D100F3BB58 /* Images.xcassets */ = {isa = PBXFileReference; lastKnownFileType = folder.assetcatalog; path = Images.xcassets; sourceTree = "<group>"; };
		EF3616131C0917D100F3BB58 /* Base */ = {isa = PBXFileReference; lastKnownFileType = file.xib; name = Base; path = Base.lproj/LaunchScreen.xib; sourceTree = "<group>"; };
		EF3616191C0917D100F3BB58 /* TwitterDataObservatoryTests.xctest */ = {isa = PBXFileReference; explicitFileType = wrapper.cfbundle; includeInIndex = 0; path = TwitterDataObservatoryTests.xctest; sourceTree = BUILT_PRODUCTS_DIR; };
		EF36161E1C0917D100F3BB58 /* Info.plist */ = {isa = PBXFileReference; lastKnownFileType = text.plist.xml; path = Info.plist; sourceTree = "<group>"; };
		EF36161F1C0917D100F3BB58 /* TwitterDataObservatoryTests.m */ = {isa = PBXFileReference; lastKnownFileType = sourcecode.c.objc; path = TwitterDataObservatoryTests.m; sourceTree = "<group>"; };
		EF667F1D1C1FDFBB00CB7AC7 /* Pin.h */ = {isa = PBXFileReference; lastKnownFileType = sourcecode.c.h; path = Pin.h; sourceTree = "<group>"; };
		EF667F1E1C1FE18200CB7AC7 /* Pin.m */ = {isa = PBXFileReference; fileEncoding = 4; lastKnownFileType = sourcecode.c.objc; path = Pin.m; sourceTree = "<group>"; };
		EFD8E22D1C213F2400E2C819 /* TweetAnnotation.h */ = {isa = PBXFileReference; fileEncoding = 4; lastKnownFileType = sourcecode.c.h; path = TweetAnnotation.h; sourceTree = "<group>"; };
		EFD8E22E1C2140EF00E2C819 /* TweetAnnotation.m */ = {isa = PBXFileReference; fileEncoding = 4; lastKnownFileType = sourcecode.c.objc; path = TweetAnnotation.m; sourceTree = "<group>"; };
/* End PBXFileReference section */

/* Begin PBXFrameworksBuildPhase section */
		EF3615FA1C0917D000F3BB58 /* Frameworks */ = {
			isa = PBXFrameworksBuildPhase;
			buildActionMask = 2147483647;
			files = (
				EF2B7F871C1EABA100C5FF50 /* MapKit.framework in Frameworks */,
				57F79A021DAF3236B80E9171 /* libPods-TwitterDataObservatory.a in Frameworks */,
			);
			runOnlyForDeploymentPostprocessing = 0;
		};
		EF3616161C0917D100F3BB58 /* Frameworks */ = {
			isa = PBXFrameworksBuildPhase;
			buildActionMask = 2147483647;
			files = (
			);
			runOnlyForDeploymentPostprocessing = 0;
		};
/* End PBXFrameworksBuildPhase section */

/* Begin PBXGroup section */
		B90A89FC4A3F771315B2329B /* Frameworks */ = {
			isa = PBXGroup;
			children = (
				EF2B7F861C1EABA100C5FF50 /* MapKit.framework */,
				0B00D5FD4259A2DC9871BFAA /* libPods-TwitterDataObservatory.a */,
			);
			name = Frameworks;
			sourceTree = "<group>";
		};
		EF3615F41C0917D000F3BB58 = {
			isa = PBXGroup;
			children = (
				EF3615FF1C0917D000F3BB58 /* TwitterDataObservatory */,
				EF36161C1C0917D100F3BB58 /* TwitterDataObservatoryTests */,
				EF3615FE1C0917D000F3BB58 /* Products */,
				FC6BD44FD1E797C8C141608E /* Pods */,
				B90A89FC4A3F771315B2329B /* Frameworks */,
			);
			sourceTree = "<group>";
		};
		EF3615FE1C0917D000F3BB58 /* Products */ = {
			isa = PBXGroup;
			children = (
				EF3615FD1C0917D000F3BB58 /* TwitterDataObservatory.app */,
				EF3616191C0917D100F3BB58 /* TwitterDataObservatoryTests.xctest */,
			);
			name = Products;
			sourceTree = "<group>";
		};
		EF3615FF1C0917D000F3BB58 /* TwitterDataObservatory */ = {
			isa = PBXGroup;
			children = (
				EF3616041C0917D000F3BB58 /* AppDelegate.h */,
				EF3616051C0917D100F3BB58 /* AppDelegate.m */,
				EF36160A1C0917D100F3BB58 /* ViewController.h */,
				EF36160B1C0917D100F3BB58 /* ViewController.m */,
				EF36160D1C0917D100F3BB58 /* Main.storyboard */,
				EF3616101C0917D100F3BB58 /* Images.xcassets */,
				EF3616121C0917D100F3BB58 /* LaunchScreen.xib */,
				EF3616071C0917D100F3BB58 /* TwitterDataObservatory.xcdatamodeld */,
				EF3616001C0917D000F3BB58 /* Supporting Files */,
				EF667F1D1C1FDFBB00CB7AC7 /* Pin.h */,
				EF667F1E1C1FE18200CB7AC7 /* Pin.m */,
				EFD8E22D1C213F2400E2C819 /* TweetAnnotation.h */,
				EFD8E22E1C2140EF00E2C819 /* TweetAnnotation.m */,
			);
			path = TwitterDataObservatory;
			sourceTree = "<group>";
		};
		EF3616001C0917D000F3BB58 /* Supporting Files */ = {
			isa = PBXGroup;
			children = (
				EF3616011C0917D000F3BB58 /* Info.plist */,
				EF3616021C0917D000F3BB58 /* main.m */,
			);
			name = "Supporting Files";
			sourceTree = "<group>";
		};
		EF36161C1C0917D100F3BB58 /* TwitterDataObservatoryTests */ = {
			isa = PBXGroup;
			children = (
				EF36161F1C0917D100F3BB58 /* TwitterDataObservatoryTests.m */,
				EF36161D1C0917D100F3BB58 /* Supporting Files */,
			);
			path = TwitterDataObservatoryTests;
			sourceTree = "<group>";
		};
		EF36161D1C0917D100F3BB58 /* Supporting Files */ = {
			isa = PBXGroup;
			children = (
				EF36161E1C0917D100F3BB58 /* Info.plist */,
			);
			name = "Supporting Files";
			sourceTree = "<group>";
		};
		FC6BD44FD1E797C8C141608E /* Pods */ = {
			isa = PBXGroup;
			children = (
				278AB1ECA1B3659396D39960 /* Pods-TwitterDataObservatory.debug.xcconfig */,
				B92A686CDF98C5C7288AF2E5 /* Pods-TwitterDataObservatory.release.xcconfig */,
			);
			name = Pods;
			sourceTree = "<group>";
		};
/* End PBXGroup section */

/* Begin PBXNativeTarget section */
		EF3615FC1C0917D000F3BB58 /* TwitterDataObservatory */ = {
			isa = PBXNativeTarget;
			buildConfigurationList = EF3616231C0917D100F3BB58 /* Build configuration list for PBXNativeTarget "TwitterDataObservatory" */;
			buildPhases = (
				584146291BD0B9D310363FDB /* Check Pods Manifest.lock */,
				EF3615F91C0917D000F3BB58 /* Sources */,
				EF3615FA1C0917D000F3BB58 /* Frameworks */,
				EF3615FB1C0917D000F3BB58 /* Resources */,
				923A98EB8D3E4F62906462B9 /* Embed Pods Frameworks */,
				6A3191A411A5A1C44E9666F6 /* Copy Pods Resources */,
			);
			buildRules = (
			);
			dependencies = (
			);
			name = TwitterDataObservatory;
			productName = TwitterDataObservatory;
			productReference = EF3615FD1C0917D000F3BB58 /* TwitterDataObservatory.app */;
			productType = "com.apple.product-type.application";
		};
		EF3616181C0917D100F3BB58 /* TwitterDataObservatoryTests */ = {
			isa = PBXNativeTarget;
			buildConfigurationList = EF3616261C0917D100F3BB58 /* Build configuration list for PBXNativeTarget "TwitterDataObservatoryTests" */;
			buildPhases = (
				EF3616151C0917D100F3BB58 /* Sources */,
				EF3616161C0917D100F3BB58 /* Frameworks */,
				EF3616171C0917D100F3BB58 /* Resources */,
			);
			buildRules = (
			);
			dependencies = (
				EF36161B1C0917D100F3BB58 /* PBXTargetDependency */,
			);
			name = TwitterDataObservatoryTests;
			productName = TwitterDataObservatoryTests;
			productReference = EF3616191C0917D100F3BB58 /* TwitterDataObservatoryTests.xctest */;
			productType = "com.apple.product-type.bundle.unit-test";
		};
/* End PBXNativeTarget section */

/* Begin PBXProject section */
		EF3615F51C0917D000F3BB58 /* Project object */ = {
			isa = PBXProject;
			attributes = {
				LastUpgradeCheck = 0630;
				ORGANIZATIONNAME = "Wenyu Zhang";
				TargetAttributes = {
					EF3615FC1C0917D000F3BB58 = {
						CreatedOnToolsVersion = 6.3.2;
					};
					EF3616181C0917D100F3BB58 = {
						CreatedOnToolsVersion = 6.3.2;
						TestTargetID = EF3615FC1C0917D000F3BB58;
					};
				};
			};
			buildConfigurationList = EF3615F81C0917D000F3BB58 /* Build configuration list for PBXProject "TwitterDataObservatory" */;
			compatibilityVersion = "Xcode 3.2";
			developmentRegion = English;
			hasScannedForEncodings = 0;
			knownRegions = (
				en,
				Base,
			);
			mainGroup = EF3615F41C0917D000F3BB58;
			productRefGroup = EF3615FE1C0917D000F3BB58 /* Products */;
			projectDirPath = "";
			projectRoot = "";
			targets = (
				EF3615FC1C0917D000F3BB58 /* TwitterDataObservatory */,
				EF3616181C0917D100F3BB58 /* TwitterDataObservatoryTests */,
			);
		};
/* End PBXProject section */

/* Begin PBXResourcesBuildPhase section */
		EF3615FB1C0917D000F3BB58 /* Resources */ = {
			isa = PBXResourcesBuildPhase;
			buildActionMask = 2147483647;
			files = (
				EF36160F1C0917D100F3BB58 /* Main.storyboard in Resources */,
				EF3616141C0917D100F3BB58 /* LaunchScreen.xib in Resources */,
				EF3616111C0917D100F3BB58 /* Images.xcassets in Resources */,
			);
			runOnlyForDeploymentPostprocessing = 0;
		};
		EF3616171C0917D100F3BB58 /* Resources */ = {
			isa = PBXResourcesBuildPhase;
			buildActionMask = 2147483647;
			files = (
			);
			runOnlyForDeploymentPostprocessing = 0;
		};
/* End PBXResourcesBuildPhase section */

/* Begin PBXShellScriptBuildPhase section */
		584146291BD0B9D310363FDB /* Check Pods Manifest.lock */ = {
			isa = PBXShellScriptBuildPhase;
			buildActionMask = 2147483647;
			files = (
			);
			inputPaths = (
			);
			name = "Check Pods Manifest.lock";
			outputPaths = (
			);
			runOnlyForDeploymentPostprocessing = 0;
			shellPath = /bin/sh;
			shellScript = "diff \"${PODS_ROOT}/../Podfile.lock\" \"${PODS_ROOT}/Manifest.lock\" > /dev/null\nif [[ $? != 0 ]] ; then\n    cat << EOM\nerror: The sandbox is not in sync with the Podfile.lock. Run 'pod install' or update your CocoaPods installation.\nEOM\n    exit 1\nfi\n";
			showEnvVarsInLog = 0;
		};
		6A3191A411A5A1C44E9666F6 /* Copy Pods Resources */ = {
			isa = PBXShellScriptBuildPhase;
			buildActionMask = 2147483647;
			files = (
			);
			inputPaths = (
			);
			name = "Copy Pods Resources";
			outputPaths = (
			);
			runOnlyForDeploymentPostprocessing = 0;
			shellPath = /bin/sh;
			shellScript = "\"${SRCROOT}/Pods/Target Support Files/Pods-TwitterDataObservatory/Pods-TwitterDataObservatory-resources.sh\"\n";
			showEnvVarsInLog = 0;
		};
		923A98EB8D3E4F62906462B9 /* Embed Pods Frameworks */ = {
			isa = PBXShellScriptBuildPhase;
			buildActionMask = 2147483647;
			files = (
			);
			inputPaths = (
			);
			name = "Embed Pods Frameworks";
			outputPaths = (
			);
			runOnlyForDeploymentPostprocessing = 0;
			shellPath = /bin/sh;
			shellScript = "\"${SRCROOT}/Pods/Target Support Files/Pods-TwitterDataObservatory/Pods-TwitterDataObservatory-frameworks.sh\"\n";
			showEnvVarsInLog = 0;
		};
/* End PBXShellScriptBuildPhase section */

/* Begin PBXSourcesBuildPhase section */
		EF3615F91C0917D000F3BB58 /* Sources */ = {
			isa = PBXSourcesBuildPhase;
			buildActionMask = 2147483647;
			files = (
				EFD8E22F1C2140EF00E2C819 /* TweetAnnotation.m in Sources */,
				EF3616091C0917D100F3BB58 /* TwitterDataObservatory.xcdatamodeld in Sources */,
				EF3616061C0917D100F3BB58 /* AppDelegate.m in Sources */,
				EF36160C1C0917D100F3BB58 /* ViewController.m in Sources */,
				EF667F1F1C1FE18200CB7AC7 /* Pin.m in Sources */,
				EF3616031C0917D000F3BB58 /* main.m in Sources */,
			);
			runOnlyForDeploymentPostprocessing = 0;
		};
		EF3616151C0917D100F3BB58 /* Sources */ = {
			isa = PBXSourcesBuildPhase;
			buildActionMask = 2147483647;
			files = (
				EF3616201C0917D100F3BB58 /* TwitterDataObservatoryTests.m in Sources */,
			);
			runOnlyForDeploymentPostprocessing = 0;
		};
/* End PBXSourcesBuildPhase section */

/* Begin PBXTargetDependency section */
		EF36161B1C0917D100F3BB58 /* PBXTargetDependency */ = {
			isa = PBXTargetDependency;
			target = EF3615FC1C0917D000F3BB58 /* TwitterDataObservatory */;
			targetProxy = EF36161A1C0917D100F3BB58 /* PBXContainerItemProxy */;
		};
/* End PBXTargetDependency section */

/* Begin PBXVariantGroup section */
		EF36160D1C0917D100F3BB58 /* Main.storyboard */ = {
			isa = PBXVariantGroup;
			children = (
				EF36160E1C0917D100F3BB58 /* Base */,
			);
			name = Main.storyboard;
			sourceTree = "<group>";
		};
		EF3616121C0917D100F3BB58 /* LaunchScreen.xib */ = {
			isa = PBXVariantGroup;
			children = (
				EF3616131C0917D100F3BB58 /* Base */,
			);
			name = LaunchScreen.xib;
			sourceTree = "<group>";
		};
/* End PBXVariantGroup section */

/* Begin XCBuildConfiguration section */
		EF3616211C0917D100F3BB58 /* Debug */ = {
			isa = XCBuildConfiguration;
			buildSettings = {
				ALWAYS_SEARCH_USER_PATHS = NO;
				CLANG_CXX_LANGUAGE_STANDARD = "gnu++0x";
				CLANG_CXX_LIBRARY = "libc++";
				CLANG_ENABLE_MODULES = YES;
				CLANG_ENABLE_OBJC_ARC = YES;
				CLANG_WARN_BOOL_CONVERSION = YES;
				CLANG_WARN_CONSTANT_CONVERSION = YES;
				CLANG_WARN_DIRECT_OBJC_ISA_USAGE = YES_ERROR;
				CLANG_WARN_EMPTY_BODY = YES;
				CLANG_WARN_ENUM_CONVERSION = YES;
				CLANG_WARN_INT_CONVERSION = YES;
				CLANG_WARN_OBJC_ROOT_CLASS = YES_ERROR;
				CLANG_WARN_UNREACHABLE_CODE = YES;
				CLANG_WARN__DUPLICATE_METHOD_MATCH = YES;
				"CODE_SIGN_IDENTITY[sdk=iphoneos*]" = "iPhone Developer";
				COPY_PHASE_STRIP = NO;
				DEBUG_INFORMATION_FORMAT = "dwarf-with-dsym";
				ENABLE_STRICT_OBJC_MSGSEND = YES;
				GCC_C_LANGUAGE_STANDARD = gnu99;
				GCC_DYNAMIC_NO_PIC = NO;
				GCC_NO_COMMON_BLOCKS = YES;
				GCC_OPTIMIZATION_LEVEL = 0;
				GCC_PREPROCESSOR_DEFINITIONS = (
					"DEBUG=1",
					"$(inherited)",
				);
				GCC_SYMBOLS_PRIVATE_EXTERN = NO;
				GCC_WARN_64_TO_32_BIT_CONVERSION = YES;
				GCC_WARN_ABOUT_RETURN_TYPE = YES_ERROR;
				GCC_WARN_UNDECLARED_SELECTOR = YES;
				GCC_WARN_UNINITIALIZED_AUTOS = YES_AGGRESSIVE;
				GCC_WARN_UNUSED_FUNCTION = YES;
				GCC_WARN_UNUSED_VARIABLE = YES;
				IPHONEOS_DEPLOYMENT_TARGET = 8.3;
				MTL_ENABLE_DEBUG_INFO = YES;
				ONLY_ACTIVE_ARCH = YES;
				SDKROOT = iphoneos;
			};
			name = Debug;
		};
		EF3616221C0917D100F3BB58 /* Release */ = {
			isa = XCBuildConfiguration;
			buildSettings = {
				ALWAYS_SEARCH_USER_PATHS = NO;
				CLANG_CXX_LANGUAGE_STANDARD = "gnu++0x";
				CLANG_CXX_LIBRARY = "libc++";
				CLANG_ENABLE_MODULES = YES;
				CLANG_ENABLE_OBJC_ARC = YES;
				CLANG_WARN_BOOL_CONVERSION = YES;
				CLANG_WARN_CONSTANT_CONVERSION = YES;
				CLANG_WARN_DIRECT_OBJC_ISA_USAGE = YES_ERROR;
				CLANG_WARN_EMPTY_BODY = YES;
				CLANG_WARN_ENUM_CONVERSION = YES;
				CLANG_WARN_INT_CONVERSION = YES;
				CLANG_WARN_OBJC_ROOT_CLASS = YES_ERROR;
				CLANG_WARN_UNREACHABLE_CODE = YES;
				CLANG_WARN__DUPLICATE_METHOD_MATCH = YES;
				"CODE_SIGN_IDENTITY[sdk=iphoneos*]" = "iPhone Developer";
				COPY_PHASE_STRIP = NO;
				DEBUG_INFORMATION_FORMAT = "dwarf-with-dsym";
				ENABLE_NS_ASSERTIONS = NO;
				ENABLE_STRICT_OBJC_MSGSEND = YES;
				GCC_C_LANGUAGE_STANDARD = gnu99;
				GCC_NO_COMMON_BLOCKS = YES;
				GCC_WARN_64_TO_32_BIT_CONVERSION = YES;
				GCC_WARN_ABOUT_RETURN_TYPE = YES_ERROR;
				GCC_WARN_UNDECLARED_SELECTOR = YES;
				GCC_WARN_UNINITIALIZED_AUTOS = YES_AGGRESSIVE;
				GCC_WARN_UNUSED_FUNCTION = YES;
				GCC_WARN_UNUSED_VARIABLE = YES;
				IPHONEOS_DEPLOYMENT_TARGET = 8.3;
				MTL_ENABLE_DEBUG_INFO = NO;
				SDKROOT = iphoneos;
				VALIDATE_PRODUCT = YES;
			};
			name = Release;
		};
		EF3616241C0917D100F3BB58 /* Debug */ = {
			isa = XCBuildConfiguration;
			baseConfigurationReference = 278AB1ECA1B3659396D39960 /* Pods-TwitterDataObservatory.debug.xcconfig */;
			buildSettings = {
				ASSETCATALOG_COMPILER_APPICON_NAME = AppIcon;
				ASSETCATALOG_COMPILER_LAUNCHIMAGE_NAME = LaunchImage;
				INFOPLIST_FILE = TwitterDataObservatory/Info.plist;
				LD_RUNPATH_SEARCH_PATHS = "$(inherited) @executable_path/Frameworks";
				PRODUCT_NAME = "$(TARGET_NAME)";
			};
			name = Debug;
		};
		EF3616251C0917D100F3BB58 /* Release */ = {
			isa = XCBuildConfiguration;
			baseConfigurationReference = B92A686CDF98C5C7288AF2E5 /* Pods-TwitterDataObservatory.release.xcconfig */;
			buildSettings = {
				ASSETCATALOG_COMPILER_APPICON_NAME = AppIcon;
				ASSETCATALOG_COMPILER_LAUNCHIMAGE_NAME = LaunchImage;
				INFOPLIST_FILE = TwitterDataObservatory/Info.plist;
				LD_RUNPATH_SEARCH_PATHS = "$(inherited) @executable_path/Frameworks";
				PRODUCT_NAME = "$(TARGET_NAME)";
			};
			name = Release;
		};
		EF3616271C0917D100F3BB58 /* Debug */ = {
			isa = XCBuildConfiguration;
			buildSettings = {
				BUNDLE_LOADER = "$(TEST_HOST)";
				FRAMEWORK_SEARCH_PATHS = (
					"$(SDKROOT)/Developer/Library/Frameworks",
					"$(inherited)",
				);
				GCC_PREPROCESSOR_DEFINITIONS = (
					"DEBUG=1",
					"$(inherited)",
				);
				INFOPLIST_FILE = TwitterDataObservatoryTests/Info.plist;
				LD_RUNPATH_SEARCH_PATHS = "$(inherited) @executable_path/Frameworks @loader_path/Frameworks";
				PRODUCT_NAME = "$(TARGET_NAME)";
				TEST_HOST = "$(BUILT_PRODUCTS_DIR)/TwitterDataObservatory.app/TwitterDataObservatory";
			};
			name = Debug;
		};
		EF3616281C0917D100F3BB58 /* Release */ = {
			isa = XCBuildConfiguration;
			buildSettings = {
				BUNDLE_LOADER = "$(TEST_HOST)";
				FRAMEWORK_SEARCH_PATHS = (
					"$(SDKROOT)/Developer/Library/Frameworks",
					"$(inherited)",
				);
				INFOPLIST_FILE = TwitterDataObservatoryTests/Info.plist;
				LD_RUNPATH_SEARCH_PATHS = "$(inherited) @executable_path/Frameworks @loader_path/Frameworks";
				PRODUCT_NAME = "$(TARGET_NAME)";
				TEST_HOST = "$(BUILT_PRODUCTS_DIR)/TwitterDataObservatory.app/TwitterDataObservatory";
			};
			name = Release;
		};
/* End XCBuildConfiguration section */

/* Begin XCConfigurationList section */
		EF3615F81C0917D000F3BB58 /* Build configuration list for PBXProject "TwitterDataObservatory" */ = {
			isa = XCConfigurationList;
			buildConfigurations = (
				EF3616211C0917D100F3BB58 /* Debug */,
				EF3616221C0917D100F3BB58 /* Release */,
			);
			defaultConfigurationIsVisible = 0;
			defaultConfigurationName = Release;
		};
		EF3616231C0917D100F3BB58 /* Build configuration list for PBXNativeTarget "TwitterDataObservatory" */ = {
			isa = XCConfigurationList;
			buildConfigurations = (
				EF3616241C0917D100F3BB58 /* Debug */,
				EF3616251C0917D100F3BB58 /* Release */,
			);
			defaultConfigurationIsVisible = 0;
			defaultConfigurationName = Release;
		};
		EF3616261C0917D100F3BB58 /* Build configuration list for PBXNativeTarget "TwitterDataObservatoryTests" */ = {
			isa = XCConfigurationList;
			buildConfigurations = (
				EF3616271C0917D100F3BB58 /* Debug */,
				EF3616281C0917D100F3BB58 /* Release */,
			);
			defaultConfigurationIsVisible = 0;
			defaultConfigurationName = Release;
		};
/* End XCConfigurationList section */

/* Begin XCVersionGroup section */
		EF3616071C0917D100F3BB58 /* TwitterDataObservatory.xcdatamodeld */ = {
			isa = XCVersionGroup;
			children = (
				EF3616081C0917D100F3BB58 /* TwitterDataObservatory.xcdatamodel */,
			);
			currentVersion = EF3616081C0917D100F3BB58 /* TwitterDataObservatory.xcdatamodel */;
			path = TwitterDataObservatory.xcdatamodeld;
			sourceTree = "<group>";
			versionGroupType = wrapper.xcdatamodel;
		};
/* End XCVersionGroup section */
	};
	rootObject = EF3615F51C0917D000F3BB58 /* Project object */;
}
