// !$*UTF8*$!
{
	archiveVersion = 1;
	classes = {
	};
	objectVersion = 46;
	objects = {

/* Begin PBXBuildFile section */
		EFD36EEE1C02DC620050586C /* main.m in Sources */ = {isa = PBXBuildFile; fileRef = EFD36EED1C02DC620050586C /* main.m */; };
		EFD36EF11C02DC620050586C /* AppDelegate.m in Sources */ = {isa = PBXBuildFile; fileRef = EFD36EF01C02DC620050586C /* AppDelegate.m */; };
		EFD36EF41C02DC620050586C /* TwitterDataObservertory.xcdatamodeld in Sources */ = {isa = PBXBuildFile; fileRef = EFD36EF21C02DC620050586C /* TwitterDataObservertory.xcdatamodeld */; };
		EFD36EF71C02DC620050586C /* ViewController.m in Sources */ = {isa = PBXBuildFile; fileRef = EFD36EF61C02DC620050586C /* ViewController.m */; };
		EFD36EFA1C02DC620050586C /* Main.storyboard in Resources */ = {isa = PBXBuildFile; fileRef = EFD36EF81C02DC620050586C /* Main.storyboard */; };
		EFD36EFC1C02DC620050586C /* Images.xcassets in Resources */ = {isa = PBXBuildFile; fileRef = EFD36EFB1C02DC620050586C /* Images.xcassets */; };
		EFD36EFF1C02DC620050586C /* LaunchScreen.xib in Resources */ = {isa = PBXBuildFile; fileRef = EFD36EFD1C02DC620050586C /* LaunchScreen.xib */; };
		EFD36F0B1C02DC620050586C /* TwitterDataObservertoryTests.m in Sources */ = {isa = PBXBuildFile; fileRef = EFD36F0A1C02DC620050586C /* TwitterDataObservertoryTests.m */; };
		F565CB61A5E49FAB1DE03334 /* libPods-TwitterDataObservertory.a in Frameworks */ = {isa = PBXBuildFile; fileRef = 6D14C9F67F05FAE708B15E03 /* libPods-TwitterDataObservertory.a */; };
/* End PBXBuildFile section */

/* Begin PBXContainerItemProxy section */
		EFD36F051C02DC620050586C /* PBXContainerItemProxy */ = {
			isa = PBXContainerItemProxy;
			containerPortal = EFD36EE01C02DC620050586C /* Project object */;
			proxyType = 1;
			remoteGlobalIDString = EFD36EE71C02DC620050586C;
			remoteInfo = TwitterDataObservertory;
		};
/* End PBXContainerItemProxy section */

/* Begin PBXFileReference section */
		3CE152ECC1D9B4527A0136F0 /* Pods-TwitterDataObservertory.debug.xcconfig */ = {isa = PBXFileReference; includeInIndex = 1; lastKnownFileType = text.xcconfig; name = "Pods-TwitterDataObservertory.debug.xcconfig"; path = "Pods/Target Support Files/Pods-TwitterDataObservertory/Pods-TwitterDataObservertory.debug.xcconfig"; sourceTree = "<group>"; };
		6D14C9F67F05FAE708B15E03 /* libPods-TwitterDataObservertory.a */ = {isa = PBXFileReference; explicitFileType = archive.ar; includeInIndex = 0; path = "libPods-TwitterDataObservertory.a"; sourceTree = BUILT_PRODUCTS_DIR; };
		AF2B475C29481BBDB2E35B88 /* Pods-TwitterDataObservertory.release.xcconfig */ = {isa = PBXFileReference; includeInIndex = 1; lastKnownFileType = text.xcconfig; name = "Pods-TwitterDataObservertory.release.xcconfig"; path = "Pods/Target Support Files/Pods-TwitterDataObservertory/Pods-TwitterDataObservertory.release.xcconfig"; sourceTree = "<group>"; };
		EFD36EE81C02DC620050586C /* TwitterDataObservertory.app */ = {isa = PBXFileReference; explicitFileType = wrapper.application; includeInIndex = 0; path = TwitterDataObservertory.app; sourceTree = BUILT_PRODUCTS_DIR; };
		EFD36EEC1C02DC620050586C /* Info.plist */ = {isa = PBXFileReference; lastKnownFileType = text.plist.xml; path = Info.plist; sourceTree = "<group>"; };
		EFD36EED1C02DC620050586C /* main.m */ = {isa = PBXFileReference; lastKnownFileType = sourcecode.c.objc; path = main.m; sourceTree = "<group>"; };
		EFD36EEF1C02DC620050586C /* AppDelegate.h */ = {isa = PBXFileReference; lastKnownFileType = sourcecode.c.h; path = AppDelegate.h; sourceTree = "<group>"; };
		EFD36EF01C02DC620050586C /* AppDelegate.m */ = {isa = PBXFileReference; lastKnownFileType = sourcecode.c.objc; path = AppDelegate.m; sourceTree = "<group>"; };
		EFD36EF31C02DC620050586C /* TwitterDataObservertory.xcdatamodel */ = {isa = PBXFileReference; lastKnownFileType = wrapper.xcdatamodel; path = TwitterDataObservertory.xcdatamodel; sourceTree = "<group>"; };
		EFD36EF51C02DC620050586C /* ViewController.h */ = {isa = PBXFileReference; lastKnownFileType = sourcecode.c.h; path = ViewController.h; sourceTree = "<group>"; };
		EFD36EF61C02DC620050586C /* ViewController.m */ = {isa = PBXFileReference; lastKnownFileType = sourcecode.c.objc; path = ViewController.m; sourceTree = "<group>"; };
		EFD36EF91C02DC620050586C /* Base */ = {isa = PBXFileReference; lastKnownFileType = file.storyboard; name = Base; path = Base.lproj/Main.storyboard; sourceTree = "<group>"; };
		EFD36EFB1C02DC620050586C /* Images.xcassets */ = {isa = PBXFileReference; lastKnownFileType = folder.assetcatalog; path = Images.xcassets; sourceTree = "<group>"; };
		EFD36EFE1C02DC620050586C /* Base */ = {isa = PBXFileReference; lastKnownFileType = file.xib; name = Base; path = Base.lproj/LaunchScreen.xib; sourceTree = "<group>"; };
		EFD36F041C02DC620050586C /* TwitterDataObservertoryTests.xctest */ = {isa = PBXFileReference; explicitFileType = wrapper.cfbundle; includeInIndex = 0; path = TwitterDataObservertoryTests.xctest; sourceTree = BUILT_PRODUCTS_DIR; };
		EFD36F091C02DC620050586C /* Info.plist */ = {isa = PBXFileReference; lastKnownFileType = text.plist.xml; path = Info.plist; sourceTree = "<group>"; };
		EFD36F0A1C02DC620050586C /* TwitterDataObservertoryTests.m */ = {isa = PBXFileReference; lastKnownFileType = sourcecode.c.objc; path = TwitterDataObservertoryTests.m; sourceTree = "<group>"; };
/* End PBXFileReference section */

/* Begin PBXFrameworksBuildPhase section */
		EFD36EE51C02DC620050586C /* Frameworks */ = {
			isa = PBXFrameworksBuildPhase;
			buildActionMask = 2147483647;
			files = (
				F565CB61A5E49FAB1DE03334 /* libPods-TwitterDataObservertory.a in Frameworks */,
			);
			runOnlyForDeploymentPostprocessing = 0;
		};
		EFD36F011C02DC620050586C /* Frameworks */ = {
			isa = PBXFrameworksBuildPhase;
			buildActionMask = 2147483647;
			files = (
			);
			runOnlyForDeploymentPostprocessing = 0;
		};
/* End PBXFrameworksBuildPhase section */

/* Begin PBXGroup section */
		1FF97B2FA921998DA2CE47C3 /* Pods */ = {
			isa = PBXGroup;
			children = (
				3CE152ECC1D9B4527A0136F0 /* Pods-TwitterDataObservertory.debug.xcconfig */,
				AF2B475C29481BBDB2E35B88 /* Pods-TwitterDataObservertory.release.xcconfig */,
			);
			name = Pods;
			sourceTree = "<group>";
		};
		4E5D3A99DB3CE6B5E397E04F /* Frameworks */ = {
			isa = PBXGroup;
			children = (
				6D14C9F67F05FAE708B15E03 /* libPods-TwitterDataObservertory.a */,
			);
			name = Frameworks;
			sourceTree = "<group>";
		};
		EFD36EDF1C02DC620050586C = {
			isa = PBXGroup;
			children = (
				EFD36EEA1C02DC620050586C /* TwitterDataObservertory */,
				EFD36F071C02DC620050586C /* TwitterDataObservertoryTests */,
				EFD36EE91C02DC620050586C /* Products */,
				4E5D3A99DB3CE6B5E397E04F /* Frameworks */,
				1FF97B2FA921998DA2CE47C3 /* Pods */,
			);
			sourceTree = "<group>";
		};
		EFD36EE91C02DC620050586C /* Products */ = {
			isa = PBXGroup;
			children = (
				EFD36EE81C02DC620050586C /* TwitterDataObservertory.app */,
				EFD36F041C02DC620050586C /* TwitterDataObservertoryTests.xctest */,
			);
			name = Products;
			sourceTree = "<group>";
		};
		EFD36EEA1C02DC620050586C /* TwitterDataObservertory */ = {
			isa = PBXGroup;
			children = (
				EFD36EEF1C02DC620050586C /* AppDelegate.h */,
				EFD36EF01C02DC620050586C /* AppDelegate.m */,
				EFD36EF51C02DC620050586C /* ViewController.h */,
				EFD36EF61C02DC620050586C /* ViewController.m */,
				EFD36EF81C02DC620050586C /* Main.storyboard */,
				EFD36EFB1C02DC620050586C /* Images.xcassets */,
				EFD36EFD1C02DC620050586C /* LaunchScreen.xib */,
				EFD36EF21C02DC620050586C /* TwitterDataObservertory.xcdatamodeld */,
				EFD36EEB1C02DC620050586C /* Supporting Files */,
			);
			path = TwitterDataObservertory;
			sourceTree = "<group>";
		};
		EFD36EEB1C02DC620050586C /* Supporting Files */ = {
			isa = PBXGroup;
			children = (
				EFD36EEC1C02DC620050586C /* Info.plist */,
				EFD36EED1C02DC620050586C /* main.m */,
			);
			name = "Supporting Files";
			sourceTree = "<group>";
		};
		EFD36F071C02DC620050586C /* TwitterDataObservertoryTests */ = {
			isa = PBXGroup;
			children = (
				EFD36F0A1C02DC620050586C /* TwitterDataObservertoryTests.m */,
				EFD36F081C02DC620050586C /* Supporting Files */,
			);
			path = TwitterDataObservertoryTests;
			sourceTree = "<group>";
		};
		EFD36F081C02DC620050586C /* Supporting Files */ = {
			isa = PBXGroup;
			children = (
				EFD36F091C02DC620050586C /* Info.plist */,
			);
			name = "Supporting Files";
			sourceTree = "<group>";
		};
/* End PBXGroup section */

/* Begin PBXNativeTarget section */
		EFD36EE71C02DC620050586C /* TwitterDataObservertory */ = {
			isa = PBXNativeTarget;
			buildConfigurationList = EFD36F0E1C02DC620050586C /* Build configuration list for PBXNativeTarget "TwitterDataObservertory" */;
			buildPhases = (
				35358AC2F02127AC041B776D /* Check Pods Manifest.lock */,
				EFD36EE41C02DC620050586C /* Sources */,
				EFD36EE51C02DC620050586C /* Frameworks */,
				EFD36EE61C02DC620050586C /* Resources */,
				696F209EEC5AF4DE9C02F3B9 /* Embed Pods Frameworks */,
				0322C2136404CBD0C9EA4A29 /* Copy Pods Resources */,
				EF0E311A1C07858D00491D3D /* ShellScript */,
			);
			buildRules = (
			);
			dependencies = (
			);
			name = TwitterDataObservertory;
			productName = TwitterDataObservertory;
			productReference = EFD36EE81C02DC620050586C /* TwitterDataObservertory.app */;
			productType = "com.apple.product-type.application";
		};
		EFD36F031C02DC620050586C /* TwitterDataObservertoryTests */ = {
			isa = PBXNativeTarget;
			buildConfigurationList = EFD36F111C02DC620050586C /* Build configuration list for PBXNativeTarget "TwitterDataObservertoryTests" */;
			buildPhases = (
				EFD36F001C02DC620050586C /* Sources */,
				EFD36F011C02DC620050586C /* Frameworks */,
				EFD36F021C02DC620050586C /* Resources */,
			);
			buildRules = (
			);
			dependencies = (
				EFD36F061C02DC620050586C /* PBXTargetDependency */,
			);
			name = TwitterDataObservertoryTests;
			productName = TwitterDataObservertoryTests;
			productReference = EFD36F041C02DC620050586C /* TwitterDataObservertoryTests.xctest */;
			productType = "com.apple.product-type.bundle.unit-test";
		};
/* End PBXNativeTarget section */

/* Begin PBXProject section */
		EFD36EE01C02DC620050586C /* Project object */ = {
			isa = PBXProject;
			attributes = {
				LastUpgradeCheck = 0630;
				ORGANIZATIONNAME = "Wenyu Zhang";
				TargetAttributes = {
					EFD36EE71C02DC620050586C = {
						CreatedOnToolsVersion = 6.3.2;
					};
					EFD36F031C02DC620050586C = {
						CreatedOnToolsVersion = 6.3.2;
						TestTargetID = EFD36EE71C02DC620050586C;
					};
				};
			};
			buildConfigurationList = EFD36EE31C02DC620050586C /* Build configuration list for PBXProject "TwitterDataObservertory" */;
			compatibilityVersion = "Xcode 3.2";
			developmentRegion = English;
			hasScannedForEncodings = 0;
			knownRegions = (
				en,
				Base,
			);
			mainGroup = EFD36EDF1C02DC620050586C;
			productRefGroup = EFD36EE91C02DC620050586C /* Products */;
			projectDirPath = "";
			projectRoot = "";
			targets = (
				EFD36EE71C02DC620050586C /* TwitterDataObservertory */,
				EFD36F031C02DC620050586C /* TwitterDataObservertoryTests */,
			);
		};
/* End PBXProject section */

/* Begin PBXResourcesBuildPhase section */
		EFD36EE61C02DC620050586C /* Resources */ = {
			isa = PBXResourcesBuildPhase;
			buildActionMask = 2147483647;
			files = (
				EFD36EFA1C02DC620050586C /* Main.storyboard in Resources */,
				EFD36EFF1C02DC620050586C /* LaunchScreen.xib in Resources */,
				EFD36EFC1C02DC620050586C /* Images.xcassets in Resources */,
			);
			runOnlyForDeploymentPostprocessing = 0;
		};
		EFD36F021C02DC620050586C /* Resources */ = {
			isa = PBXResourcesBuildPhase;
			buildActionMask = 2147483647;
			files = (
			);
			runOnlyForDeploymentPostprocessing = 0;
		};
/* End PBXResourcesBuildPhase section */

/* Begin PBXShellScriptBuildPhase section */
		0322C2136404CBD0C9EA4A29 /* Copy Pods Resources */ = {
			isa = PBXShellScriptBuildPhase;
			buildActionMask = 2147483647;
			files = (
			);
			inputPaths = (
			);
			name = "Copy Pods Resources";
			outputPaths = (
			);
			runOnlyForDeploymentPostprocessing = 0;
			shellPath = /bin/sh;
			shellScript = "\"${SRCROOT}/Pods/Target Support Files/Pods-TwitterDataObservertory/Pods-TwitterDataObservertory-resources.sh\"\n";
			showEnvVarsInLog = 0;
		};
		35358AC2F02127AC041B776D /* Check Pods Manifest.lock */ = {
			isa = PBXShellScriptBuildPhase;
			buildActionMask = 2147483647;
			files = (
			);
			inputPaths = (
			);
			name = "Check Pods Manifest.lock";
			outputPaths = (
			);
			runOnlyForDeploymentPostprocessing = 0;
			shellPath = /bin/sh;
			shellScript = "diff \"${PODS_ROOT}/../Podfile.lock\" \"${PODS_ROOT}/Manifest.lock\" > /dev/null\nif [[ $? != 0 ]] ; then\n    cat << EOM\nerror: The sandbox is not in sync with the Podfile.lock. Run 'pod install' or update your CocoaPods installation.\nEOM\n    exit 1\nfi\n";
			showEnvVarsInLog = 0;
		};
		696F209EEC5AF4DE9C02F3B9 /* Embed Pods Frameworks */ = {
			isa = PBXShellScriptBuildPhase;
			buildActionMask = 2147483647;
			files = (
			);
			inputPaths = (
			);
			name = "Embed Pods Frameworks";
			outputPaths = (
			);
			runOnlyForDeploymentPostprocessing = 0;
			shellPath = /bin/sh;
			shellScript = "\"${SRCROOT}/Pods/Target Support Files/Pods-TwitterDataObservertory/Pods-TwitterDataObservertory-frameworks.sh\"\n";
			showEnvVarsInLog = 0;
		};
		EF0E311A1C07858D00491D3D /* ShellScript */ = {
			isa = PBXShellScriptBuildPhase;
			buildActionMask = 2147483647;
			files = (
			);
			inputPaths = (
			);
			outputPaths = (
			);
			runOnlyForDeploymentPostprocessing = 0;
			shellPath = /bin/sh;
			shellScript = "\"${PODS_ROOT}/Fabric/run\" 5d20cf5ab346392b77f87bcb489ad0c3d8ed0262 6fb555c465ff3eca0932d7b533a7e41e8dfede29cb556f66201e3600fef5251c";
		};
/* End PBXShellScriptBuildPhase section */

/* Begin PBXSourcesBuildPhase section */
		EFD36EE41C02DC620050586C /* Sources */ = {
			isa = PBXSourcesBuildPhase;
			buildActionMask = 2147483647;
			files = (
				EFD36EF11C02DC620050586C /* AppDelegate.m in Sources */,
				EFD36EF41C02DC620050586C /* TwitterDataObservertory.xcdatamodeld in Sources */,
				EFD36EF71C02DC620050586C /* ViewController.m in Sources */,
				EFD36EEE1C02DC620050586C /* main.m in Sources */,
			);
			runOnlyForDeploymentPostprocessing = 0;
		};
		EFD36F001C02DC620050586C /* Sources */ = {
			isa = PBXSourcesBuildPhase;
			buildActionMask = 2147483647;
			files = (
				EFD36F0B1C02DC620050586C /* TwitterDataObservertoryTests.m in Sources */,
			);
			runOnlyForDeploymentPostprocessing = 0;
		};
/* End PBXSourcesBuildPhase section */

/* Begin PBXTargetDependency section */
		EFD36F061C02DC620050586C /* PBXTargetDependency */ = {
			isa = PBXTargetDependency;
			target = EFD36EE71C02DC620050586C /* TwitterDataObservertory */;
			targetProxy = EFD36F051C02DC620050586C /* PBXContainerItemProxy */;
		};
/* End PBXTargetDependency section */

/* Begin PBXVariantGroup section */
		EFD36EF81C02DC620050586C /* Main.storyboard */ = {
			isa = PBXVariantGroup;
			children = (
				EFD36EF91C02DC620050586C /* Base */,
			);
			name = Main.storyboard;
			sourceTree = "<group>";
		};
		EFD36EFD1C02DC620050586C /* LaunchScreen.xib */ = {
			isa = PBXVariantGroup;
			children = (
				EFD36EFE1C02DC620050586C /* Base */,
			);
			name = LaunchScreen.xib;
			sourceTree = "<group>";
		};
/* End PBXVariantGroup section */

/* Begin XCBuildConfiguration section */
		EFD36F0C1C02DC620050586C /* Debug */ = {
			isa = XCBuildConfiguration;
			buildSettings = {
				ALWAYS_SEARCH_USER_PATHS = NO;
				CLANG_CXX_LANGUAGE_STANDARD = "gnu++0x";
				CLANG_CXX_LIBRARY = "libc++";
				CLANG_ENABLE_MODULES = YES;
				CLANG_ENABLE_OBJC_ARC = YES;
				CLANG_WARN_BOOL_CONVERSION = YES;
				CLANG_WARN_CONSTANT_CONVERSION = YES;
				CLANG_WARN_DIRECT_OBJC_ISA_USAGE = YES_ERROR;
				CLANG_WARN_EMPTY_BODY = YES;
				CLANG_WARN_ENUM_CONVERSION = YES;
				CLANG_WARN_INT_CONVERSION = YES;
				CLANG_WARN_OBJC_ROOT_CLASS = YES_ERROR;
				CLANG_WARN_UNREACHABLE_CODE = YES;
				CLANG_WARN__DUPLICATE_METHOD_MATCH = YES;
				"CODE_SIGN_IDENTITY[sdk=iphoneos*]" = "iPhone Developer";
				COPY_PHASE_STRIP = NO;
				DEBUG_INFORMATION_FORMAT = "dwarf-with-dsym";
				ENABLE_STRICT_OBJC_MSGSEND = YES;
				GCC_C_LANGUAGE_STANDARD = gnu99;
				GCC_DYNAMIC_NO_PIC = NO;
				GCC_NO_COMMON_BLOCKS = YES;
				GCC_OPTIMIZATION_LEVEL = 0;
				GCC_PREPROCESSOR_DEFINITIONS = (
					"DEBUG=1",
					"$(inherited)",
				);
				GCC_SYMBOLS_PRIVATE_EXTERN = NO;
				GCC_WARN_64_TO_32_BIT_CONVERSION = YES;
				GCC_WARN_ABOUT_RETURN_TYPE = YES_ERROR;
				GCC_WARN_UNDECLARED_SELECTOR = YES;
				GCC_WARN_UNINITIALIZED_AUTOS = YES_AGGRESSIVE;
				GCC_WARN_UNUSED_FUNCTION = YES;
				GCC_WARN_UNUSED_VARIABLE = YES;
				IPHONEOS_DEPLOYMENT_TARGET = 8.3;
				MTL_ENABLE_DEBUG_INFO = YES;
				ONLY_ACTIVE_ARCH = YES;
				SDKROOT = iphoneos;
			};
			name = Debug;
		};
		EFD36F0D1C02DC620050586C /* Release */ = {
			isa = XCBuildConfiguration;
			buildSettings = {
				ALWAYS_SEARCH_USER_PATHS = NO;
				CLANG_CXX_LANGUAGE_STANDARD = "gnu++0x";
				CLANG_CXX_LIBRARY = "libc++";
				CLANG_ENABLE_MODULES = YES;
				CLANG_ENABLE_OBJC_ARC = YES;
				CLANG_WARN_BOOL_CONVERSION = YES;
				CLANG_WARN_CONSTANT_CONVERSION = YES;
				CLANG_WARN_DIRECT_OBJC_ISA_USAGE = YES_ERROR;
				CLANG_WARN_EMPTY_BODY = YES;
				CLANG_WARN_ENUM_CONVERSION = YES;
				CLANG_WARN_INT_CONVERSION = YES;
				CLANG_WARN_OBJC_ROOT_CLASS = YES_ERROR;
				CLANG_WARN_UNREACHABLE_CODE = YES;
				CLANG_WARN__DUPLICATE_METHOD_MATCH = YES;
				"CODE_SIGN_IDENTITY[sdk=iphoneos*]" = "iPhone Developer";
				COPY_PHASE_STRIP = NO;
				DEBUG_INFORMATION_FORMAT = "dwarf-with-dsym";
				ENABLE_NS_ASSERTIONS = NO;
				ENABLE_STRICT_OBJC_MSGSEND = YES;
				GCC_C_LANGUAGE_STANDARD = gnu99;
				GCC_NO_COMMON_BLOCKS = YES;
				GCC_WARN_64_TO_32_BIT_CONVERSION = YES;
				GCC_WARN_ABOUT_RETURN_TYPE = YES_ERROR;
				GCC_WARN_UNDECLARED_SELECTOR = YES;
				GCC_WARN_UNINITIALIZED_AUTOS = YES_AGGRESSIVE;
				GCC_WARN_UNUSED_FUNCTION = YES;
				GCC_WARN_UNUSED_VARIABLE = YES;
				IPHONEOS_DEPLOYMENT_TARGET = 8.3;
				MTL_ENABLE_DEBUG_INFO = NO;
				SDKROOT = iphoneos;
				VALIDATE_PRODUCT = YES;
			};
			name = Release;
		};
		EFD36F0F1C02DC620050586C /* Debug */ = {
			isa = XCBuildConfiguration;
			baseConfigurationReference = 3CE152ECC1D9B4527A0136F0 /* Pods-TwitterDataObservertory.debug.xcconfig */;
			buildSettings = {
				ASSETCATALOG_COMPILER_APPICON_NAME = AppIcon;
				CLANG_ALLOW_NON_MODULAR_INCLUDES_IN_FRAMEWORK_MODULES = YES;
				INFOPLIST_FILE = TwitterDataObservertory/Info.plist;
				LD_RUNPATH_SEARCH_PATHS = "$(inherited) @executable_path/Frameworks";
				PRODUCT_NAME = "$(TARGET_NAME)";
			};
			name = Debug;
		};
		EFD36F101C02DC620050586C /* Release */ = {
			isa = XCBuildConfiguration;
			baseConfigurationReference = AF2B475C29481BBDB2E35B88 /* Pods-TwitterDataObservertory.release.xcconfig */;
			buildSettings = {
				ASSETCATALOG_COMPILER_APPICON_NAME = AppIcon;
				CLANG_ALLOW_NON_MODULAR_INCLUDES_IN_FRAMEWORK_MODULES = YES;
				INFOPLIST_FILE = TwitterDataObservertory/Info.plist;
				LD_RUNPATH_SEARCH_PATHS = "$(inherited) @executable_path/Frameworks";
				PRODUCT_NAME = "$(TARGET_NAME)";
			};
			name = Release;
		};
		EFD36F121C02DC620050586C /* Debug */ = {
			isa = XCBuildConfiguration;
			buildSettings = {
				BUNDLE_LOADER = "$(TEST_HOST)";
				FRAMEWORK_SEARCH_PATHS = (
					"$(SDKROOT)/Developer/Library/Frameworks",
					"$(inherited)",
				);
				GCC_PREPROCESSOR_DEFINITIONS = (
					"DEBUG=1",
					"$(inherited)",
				);
				INFOPLIST_FILE = TwitterDataObservertoryTests/Info.plist;
				LD_RUNPATH_SEARCH_PATHS = "$(inherited) @executable_path/Frameworks @loader_path/Frameworks";
				PRODUCT_NAME = "$(TARGET_NAME)";
				TEST_HOST = "$(BUILT_PRODUCTS_DIR)/TwitterDataObservertory.app/TwitterDataObservertory";
			};
			name = Debug;
		};
		EFD36F131C02DC620050586C /* Release */ = {
			isa = XCBuildConfiguration;
			buildSettings = {
				BUNDLE_LOADER = "$(TEST_HOST)";
				FRAMEWORK_SEARCH_PATHS = (
					"$(SDKROOT)/Developer/Library/Frameworks",
					"$(inherited)",
				);
				INFOPLIST_FILE = TwitterDataObservertoryTests/Info.plist;
				LD_RUNPATH_SEARCH_PATHS = "$(inherited) @executable_path/Frameworks @loader_path/Frameworks";
				PRODUCT_NAME = "$(TARGET_NAME)";
				TEST_HOST = "$(BUILT_PRODUCTS_DIR)/TwitterDataObservertory.app/TwitterDataObservertory";
			};
			name = Release;
		};
/* End XCBuildConfiguration section */

/* Begin XCConfigurationList section */
		EFD36EE31C02DC620050586C /* Build configuration list for PBXProject "TwitterDataObservertory" */ = {
			isa = XCConfigurationList;
			buildConfigurations = (
				EFD36F0C1C02DC620050586C /* Debug */,
				EFD36F0D1C02DC620050586C /* Release */,
			);
			defaultConfigurationIsVisible = 0;
			defaultConfigurationName = Release;
		};
		EFD36F0E1C02DC620050586C /* Build configuration list for PBXNativeTarget "TwitterDataObservertory" */ = {
			isa = XCConfigurationList;
			buildConfigurations = (
				EFD36F0F1C02DC620050586C /* Debug */,
				EFD36F101C02DC620050586C /* Release */,
			);
			defaultConfigurationIsVisible = 0;
			defaultConfigurationName = Release;
		};
		EFD36F111C02DC620050586C /* Build configuration list for PBXNativeTarget "TwitterDataObservertoryTests" */ = {
			isa = XCConfigurationList;
			buildConfigurations = (
				EFD36F121C02DC620050586C /* Debug */,
				EFD36F131C02DC620050586C /* Release */,
			);
			defaultConfigurationIsVisible = 0;
			defaultConfigurationName = Release;
		};
/* End XCConfigurationList section */

/* Begin XCVersionGroup section */
		EFD36EF21C02DC620050586C /* TwitterDataObservertory.xcdatamodeld */ = {
			isa = XCVersionGroup;
			children = (
				EFD36EF31C02DC620050586C /* TwitterDataObservertory.xcdatamodel */,
			);
			currentVersion = EFD36EF31C02DC620050586C /* TwitterDataObservertory.xcdatamodel */;
			path = TwitterDataObservertory.xcdatamodeld;
			sourceTree = "<group>";
			versionGroupType = wrapper.xcdatamodel;
		};
/* End XCVersionGroup section */
	};
	rootObject = EFD36EE01C02DC620050586C /* Project object */;
}
